<?xml version="1.0" encoding="utf-8"?>
<Project ToolsVersion="4.0" xmlns="http://schemas.microsoft.com/developer/msbuild/2003">
  <ItemGroup>
    <Filter Include="Исходные файлы">
      <UniqueIdentifier>{4FC737F1-C7A5-4376-A066-2A32D752A2FF}</UniqueIdentifier>
      <Extensions>cpp;c;cc;cxx;c++;cppm;ixx;def;odl;idl;hpj;bat;asm;asmx</Extensions>
    </Filter>
    <Filter Include="Файлы заголовков">
      <UniqueIdentifier>{93995380-89BD-4b04-88EB-625FBE52EBFB}</UniqueIdentifier>
      <Extensions>h;hh;hpp;hxx;h++;hm;inl;inc;ipp;xsd</Extensions>
    </Filter>
    <Filter Include="Файлы ресурсов">
      <UniqueIdentifier>{67DA6AB6-F800-4c08-8B7A-83BB121AAD01}</UniqueIdentifier>
      <Extensions>rc;ico;cur;bmp;dlg;rc2;rct;bin;rgs;gif;jpg;jpeg;jpe;resx;tiff;tif;png;wav;mfcribbon-ms</Extensions>
    </Filter>
    <Filter Include="Файлы заголовков\Systems">
      <UniqueIdentifier>{f90bca84-baa3-4d52-bdf5-e37439959ed6}</UniqueIdentifier>
    </Filter>
    <Filter Include="Исходные файлы\Systems">
      <UniqueIdentifier>{37c9f016-8beb-4591-8f1d-a4e31129eb13}</UniqueIdentifier>
    </Filter>
    <Filter Include="Исходные файлы\Components">
      <UniqueIdentifier>{9e60b3c0-cbdd-4f76-93c6-1f07b8e8fda6}</UniqueIdentifier>
    </Filter>
    <Filter Include="Файлы заголовков\Components">
      <UniqueIdentifier>{7f263bc1-b654-4ba2-82cf-efa38a47a459}</UniqueIdentifier>
    </Filter>
    <Filter Include="Исходные файлы\Other">
      <UniqueIdentifier>{02176e88-c975-4c04-b921-7b013b069878}</UniqueIdentifier>
    </Filter>
    <Filter Include="Файлы заголовков\Other">
      <UniqueIdentifier>{f6ea3a87-3678-4b78-982e-ddb8addd73cf}</UniqueIdentifier>
    </Filter>
  </ItemGroup>
  <ItemGroup>
    <ClInclude Include="AudioSystem.h">
      <Filter>Файлы заголовков\Systems</Filter>
    </ClInclude>
    <ClInclude Include="PhysicsSystem.h">
      <Filter>Файлы заголовков\Systems</Filter>
    </ClInclude>
    <ClInclude Include="RenderSystem.h">
      <Filter>Файлы заголовков\Systems</Filter>
    </ClInclude>
    <ClInclude Include="ResourceSystem.h">
      <Filter>Файлы заголовков\Systems</Filter>
    </ClInclude>
    <ClInclude Include="ColliderComponent.h">
      <Filter>Файлы заголовков\Components</Filter>
    </ClInclude>
    <ClInclude Include="CameraComponent.h">
      <Filter>Файлы заголовков\Components</Filter>
    </ClInclude>
    <ClInclude Include="InputComponent.h">
      <Filter>Файлы заголовков\Components</Filter>
    </ClInclude>
    <ClInclude Include="TransformComponent.h">
      <Filter>Файлы заголовков\Components</Filter>
    </ClInclude>
    <ClInclude Include="SpriteColliderComponent.h">
      <Filter>Файлы заголовков\Components</Filter>
    </ClInclude>
    <ClInclude Include="SpriteRendererComponent.h">
      <Filter>Файлы заголовков\Components</Filter>
    </ClInclude>
    <ClInclude Include="RigidbodyComponent.h">
      <Filter>Файлы заголовков\Components</Filter>
    </ClInclude>
    <ClInclude Include="PursuitComponent.h">
      <Filter>Файлы заголовков\Components</Filter>
    </ClInclude>
    <ClInclude Include="World.h">
      <Filter>Файлы заголовков\Other</Filter>
    </ClInclude>
    <ClInclude Include="Collision.h">
      <Filter>Файлы заголовков\Other</Filter>
    </ClInclude>
    <ClInclude Include="Component.h">
      <Filter>Файлы заголовков\Other</Filter>
    </ClInclude>
    <ClInclude Include="Engine.h">
      <Filter>Файлы заголовков\Other</Filter>
    </ClInclude>
    <ClInclude Include="EngineAPI.h">
      <Filter>Файлы заголовков\Other</Filter>
    </ClInclude>
    <ClInclude Include="framework.h">
      <Filter>Файлы заголовков\Other</Filter>
    </ClInclude>
    <ClInclude Include="Matrix2D.h">
      <Filter>Файлы заголовков\Other</Filter>
    </ClInclude>
    <ClInclude Include="Object.h">
      <Filter>Файлы заголовков\Other</Filter>
    </ClInclude>
    <ClInclude Include="pch.h">
      <Filter>Файлы заголовков\Other</Filter>
    </ClInclude>
    <ClInclude Include="Scene.h">
      <Filter>Файлы заголовков\Other</Filter>
    </ClInclude>
    <ClInclude Include="Trigger.h">
      <Filter>Файлы заголовков\Other</Filter>
    </ClInclude>
    <ClInclude Include="Vector.h">
      <Filter>Файлы заголовков\Other</Filter>
    </ClInclude>
    <ClInclude Include="CharacterMovementComponent.h">
      <Filter>Файлы заголовков\Components</Filter>
    </ClInclude>
  </ItemGroup>
  <ItemGroup>
    <ClCompile Include="AudioSystem.cpp">
      <Filter>Исходные файлы\Systems</Filter>
    </ClCompile>
    <ClCompile Include="ResourceSystem.cpp">
      <Filter>Исходные файлы\Systems</Filter>
    </ClCompile>
    <ClCompile Include="RenderSystem.cpp">
      <Filter>Исходные файлы\Systems</Filter>
    </ClCompile>
    <ClCompile Include="PhysicsSystem.cpp">
      <Filter>Исходные файлы\Systems</Filter>
    </ClCompile>
    <ClCompile Include="CameraComponent.cpp">
      <Filter>Исходные файлы\Components</Filter>
    </ClCompile>
    <ClCompile Include="ColliderComponent.cpp">
      <Filter>Исходные файлы\Components</Filter>
    </ClCompile>
    <ClCompile Include="InputComponent.cpp">
      <Filter>Исходные файлы\Components</Filter>
    </ClCompile>
    <ClCompile Include="SpriteColliderComponent.cpp">
      <Filter>Исходные файлы\Components</Filter>
    </ClCompile>
    <ClCompile Include="SpriteRendererComponent.cpp">
      <Filter>Исходные файлы\Components</Filter>
    </ClCompile>
    <ClCompile Include="TransformComponent.cpp">
      <Filter>Исходные файлы\Components</Filter>
    </ClCompile>
    <ClCompile Include="RigidbodyComponent.cpp">
      <Filter>Исходные файлы\Components</Filter>
    </ClCompile>
    <ClCompile Include="PursuitComponent.cpp">
      <Filter>Исходные файлы\Components</Filter>
    </ClCompile>
    <ClCompile Include="Collision.cpp">
      <Filter>Исходные файлы\Other</Filter>
    </ClCompile>
    <ClCompile Include="Component.cpp">
      <Filter>Исходные файлы\Other</Filter>
    </ClCompile>
    <ClCompile Include="dllmain.cpp">
      <Filter>Исходные файлы\Other</Filter>
    </ClCompile>
    <ClCompile Include="Engine.cpp">
      <Filter>Исходные файлы\Other</Filter>
    </ClCompile>
    <ClCompile Include="Matrix2D.cpp">
      <Filter>Исходные файлы\Other</Filter>
    </ClCompile>
    <ClCompile Include="Object.cpp">
      <Filter>Исходные файлы\Other</Filter>
    </ClCompile>
    <ClCompile Include="pch.cpp">
      <Filter>Исходные файлы\Other</Filter>
    </ClCompile>
    <ClCompile Include="Scene.cpp">
      <Filter>Исходные файлы\Other</Filter>
    </ClCompile>
    <ClCompile Include="Trigger.cpp">
      <Filter>Исходные файлы\Other</Filter>
    </ClCompile>
    <ClCompile Include="World.cpp">
      <Filter>Исходные файлы\Other</Filter>
    </ClCompile>
    <ClCompile Include="CharacterMovementComponent.cpp">
      <Filter>Исходные файлы\Components</Filter>
    </ClCompile>
  </ItemGroup>
</Project>